// !$*UTF8*$!
{
	archiveVersion = 1;
	classes = {
	};
	objectVersion = 46;
	objects = {

/* Begin PBXBuildFile section */
		1C513A5B21801B7E00FFDC82 /* ParentWebPage.swift in Sources */ = {isa = PBXBuildFile; fileRef = 1C513A5A21801B7E00FFDC82 /* ParentWebPage.swift */; };
		1C513A5D2180209B00FFDC82 /* ChildWebPage.swift in Sources */ = {isa = PBXBuildFile; fileRef = 1C513A5C2180209B00FFDC82 /* ChildWebPage.swift */; };
		1C513A6B2181619200FFDC82 /* AllowedPage.swift in Sources */ = {isa = PBXBuildFile; fileRef = 1C513A6A2181619200FFDC82 /* AllowedPage.swift */; };
		1C513A962186639300FFDC82 /* pause.png in Resources */ = {isa = PBXBuildFile; fileRef = 1C513A942186639200FFDC82 /* pause.png */; };
		1C513A992186644100FFDC82 /* BrowserWithPlayerViewController.swift in Sources */ = {isa = PBXBuildFile; fileRef = 1C513A982186644100FFDC82 /* BrowserWithPlayerViewController.swift */; };
		1C513A9B21866C8D00FFDC82 /* AudioPlayer.swift in Sources */ = {isa = PBXBuildFile; fileRef = 1C513A9A21866C8D00FFDC82 /* AudioPlayer.swift */; };
		1C513A9E21866DE700FFDC82 /* AudioSubject.swift in Sources */ = {isa = PBXBuildFile; fileRef = 1C513A9D21866DE700FFDC82 /* AudioSubject.swift */; };
		1C513AA021866E0400FFDC82 /* AudioObserver.swift in Sources */ = {isa = PBXBuildFile; fileRef = 1C513A9F21866E0400FFDC82 /* AudioObserver.swift */; };
		1C513AA2218675D900FFDC82 /* AudioTimeLabel.swift in Sources */ = {isa = PBXBuildFile; fileRef = 1C513AA1218675D900FFDC82 /* AudioTimeLabel.swift */; };
		1C513AA521869E4000FFDC82 /* play.png in Resources */ = {isa = PBXBuildFile; fileRef = 1C513AA421869E3F00FFDC82 /* play.png */; };
		1C513AAF218806F700FFDC82 /* AudioSlider.swift in Sources */ = {isa = PBXBuildFile; fileRef = 1C513AAE218806F700FFDC82 /* AudioSlider.swift */; };
		1CDB3F2A217ECDF600BEC04C /* NewBrowserViewController.swift in Sources */ = {isa = PBXBuildFile; fileRef = 1CDB3F29217ECDF600BEC04C /* NewBrowserViewController.swift */; };
		58A6EB0BD5CB67AF46E58C8B /* Pods_uReadLiteracy.framework in Frameworks */ = {isa = PBXBuildFile; fileRef = E3CAD3ABAC09B6C4293DFC2D /* Pods_uReadLiteracy.framework */; };
		CD03CC9020F6E79A006D5D89 /* DynamicVideoViewController.swift in Sources */ = {isa = PBXBuildFile; fileRef = CD03CC8F20F6E79A006D5D89 /* DynamicVideoViewController.swift */; };
		CD1DCA5E1FF3564800FCDDB5 /* WalkthroughContentViewController.swift in Sources */ = {isa = PBXBuildFile; fileRef = CD1DCA5D1FF3564800FCDDB5 /* WalkthroughContentViewController.swift */; };
		CD1DCA601FF3592D00FCDDB5 /* WalkthroughPageViewController.swift in Sources */ = {isa = PBXBuildFile; fileRef = CD1DCA5F1FF3592D00FCDDB5 /* WalkthroughPageViewController.swift */; };
		CD1DCA621FF4A2D200FCDDB5 /* WalkthroughViewController.swift in Sources */ = {isa = PBXBuildFile; fileRef = CD1DCA611FF4A2D200FCDDB5 /* WalkthroughViewController.swift */; };
		CD1DCA661FF4ACCD00FCDDB5 /* progress.gif in Resources */ = {isa = PBXBuildFile; fileRef = CD1DCA651FF4ACCD00FCDDB5 /* progress.gif */; };
		CD1DCA681FF4ACD300FCDDB5 /* learnMore.gif in Resources */ = {isa = PBXBuildFile; fileRef = CD1DCA671FF4ACD300FCDDB5 /* learnMore.gif */; };
		CD1DCA6A1FF4ACD900FCDDB5 /* share.gif in Resources */ = {isa = PBXBuildFile; fileRef = CD1DCA691FF4ACD900FCDDB5 /* share.gif */; };
		CD3E1E14205C5AC200AC2D1A /* LearnViewController.swift in Sources */ = {isa = PBXBuildFile; fileRef = CD3E1E13205C5AC200AC2D1A /* LearnViewController.swift */; };
		CD3E1E16205C5CF500AC2D1A /* LearnCell.swift in Sources */ = {isa = PBXBuildFile; fileRef = CD3E1E15205C5CF500AC2D1A /* LearnCell.swift */; };
		CD6462BA1FF33A88007AF08A /* Tutorial.storyboard in Resources */ = {isa = PBXBuildFile; fileRef = CD6462B91FF33A88007AF08A /* Tutorial.storyboard */; };
		CD704F4E2019A1B700E1E4F8 /* BrowseViewController.swift in Sources */ = {isa = PBXBuildFile; fileRef = CD704F4D2019A1B700E1E4F8 /* BrowseViewController.swift */; };
		CD8FB2222120D41E0066F0D2 /* RecordViewController.swift in Sources */ = {isa = PBXBuildFile; fileRef = CD8FB2212120D41E0066F0D2 /* RecordViewController.swift */; };
		CDA6528F1FA0F5B700835624 /* AppDelegate.swift in Sources */ = {isa = PBXBuildFile; fileRef = CDA6528E1FA0F5B700835624 /* AppDelegate.swift */; };
		CDA652911FA0F5B700835624 /* ViewController.swift in Sources */ = {isa = PBXBuildFile; fileRef = CDA652901FA0F5B700835624 /* ViewController.swift */; };
		CDA652941FA0F5B700835624 /* Main.storyboard in Resources */ = {isa = PBXBuildFile; fileRef = CDA652921FA0F5B700835624 /* Main.storyboard */; };
		CDA652971FA0F5B700835624 /* uReadLiteracy.xcdatamodeld in Sources */ = {isa = PBXBuildFile; fileRef = CDA652951FA0F5B700835624 /* uReadLiteracy.xcdatamodeld */; };
		CDA652991FA0F5B700835624 /* Assets.xcassets in Resources */ = {isa = PBXBuildFile; fileRef = CDA652981FA0F5B700835624 /* Assets.xcassets */; };
		CDA6529C1FA0F5B700835624 /* LaunchScreen.storyboard in Resources */ = {isa = PBXBuildFile; fileRef = CDA6529A1FA0F5B700835624 /* LaunchScreen.storyboard */; };
		CDDD7EFE1FF19937009FA71D /* Swift+Gif.swift in Sources */ = {isa = PBXBuildFile; fileRef = CDDD7EFD1FF19937009FA71D /* Swift+Gif.swift */; };
		CDDD7F011FF19A67009FA71D /* ExploreViewController.swift in Sources */ = {isa = PBXBuildFile; fileRef = CDDD7F001FF19A67009FA71D /* ExploreViewController.swift */; };
		CDDD7F031FF19B55009FA71D /* bookTurn.gif in Resources */ = {isa = PBXBuildFile; fileRef = CDDD7F021FF19B55009FA71D /* bookTurn.gif */; };
		CDDD7F051FF1A64C009FA71D /* getHelp.gif in Resources */ = {isa = PBXBuildFile; fileRef = CDDD7F041FF1A64C009FA71D /* getHelp.gif */; };
		CDDD7F071FF1A65F009FA71D /* GetHelpViewController.swift in Sources */ = {isa = PBXBuildFile; fileRef = CDDD7F061FF1A65F009FA71D /* GetHelpViewController.swift */; };
/* End PBXBuildFile section */

/* Begin PBXFileReference section */
		198A7836A988EE4B2985A501 /* Pods-uReadLiteracy.release.xcconfig */ = {isa = PBXFileReference; includeInIndex = 1; lastKnownFileType = text.xcconfig; name = "Pods-uReadLiteracy.release.xcconfig"; path = "Pods/Target Support Files/Pods-uReadLiteracy/Pods-uReadLiteracy.release.xcconfig"; sourceTree = "<group>"; };
		1C513A5A21801B7E00FFDC82 /* ParentWebPage.swift */ = {isa = PBXFileReference; lastKnownFileType = sourcecode.swift; path = ParentWebPage.swift; sourceTree = "<group>"; };
		1C513A5C2180209B00FFDC82 /* ChildWebPage.swift */ = {isa = PBXFileReference; lastKnownFileType = sourcecode.swift; path = ChildWebPage.swift; sourceTree = "<group>"; };
		1C513A6A2181619200FFDC82 /* AllowedPage.swift */ = {isa = PBXFileReference; lastKnownFileType = sourcecode.swift; path = AllowedPage.swift; sourceTree = "<group>"; };
		1C513A942186639200FFDC82 /* pause.png */ = {isa = PBXFileReference; lastKnownFileType = image.png; path = pause.png; sourceTree = "<group>"; };
		1C513A982186644100FFDC82 /* BrowserWithPlayerViewController.swift */ = {isa = PBXFileReference; lastKnownFileType = sourcecode.swift; path = BrowserWithPlayerViewController.swift; sourceTree = "<group>"; };
		1C513A9A21866C8D00FFDC82 /* AudioPlayer.swift */ = {isa = PBXFileReference; lastKnownFileType = sourcecode.swift; path = AudioPlayer.swift; sourceTree = "<group>"; };
		1C513A9D21866DE700FFDC82 /* AudioSubject.swift */ = {isa = PBXFileReference; lastKnownFileType = sourcecode.swift; path = AudioSubject.swift; sourceTree = "<group>"; };
		1C513A9F21866E0400FFDC82 /* AudioObserver.swift */ = {isa = PBXFileReference; lastKnownFileType = sourcecode.swift; path = AudioObserver.swift; sourceTree = "<group>"; };
		1C513AA1218675D900FFDC82 /* AudioTimeLabel.swift */ = {isa = PBXFileReference; lastKnownFileType = sourcecode.swift; path = AudioTimeLabel.swift; sourceTree = "<group>"; };
		1C513AA421869E3F00FFDC82 /* play.png */ = {isa = PBXFileReference; lastKnownFileType = image.png; path = play.png; sourceTree = "<group>"; };
		1C513AAE218806F700FFDC82 /* AudioSlider.swift */ = {isa = PBXFileReference; lastKnownFileType = sourcecode.swift; path = AudioSlider.swift; sourceTree = "<group>"; };
		1CDB3F29217ECDF600BEC04C /* NewBrowserViewController.swift */ = {isa = PBXFileReference; lastKnownFileType = sourcecode.swift; path = NewBrowserViewController.swift; sourceTree = "<group>"; };
		CD03CC8F20F6E79A006D5D89 /* DynamicVideoViewController.swift */ = {isa = PBXFileReference; lastKnownFileType = sourcecode.swift; path = DynamicVideoViewController.swift; sourceTree = "<group>"; };
		CD1DCA5D1FF3564800FCDDB5 /* WalkthroughContentViewController.swift */ = {isa = PBXFileReference; lastKnownFileType = sourcecode.swift; path = WalkthroughContentViewController.swift; sourceTree = "<group>"; };
		CD1DCA5F1FF3592D00FCDDB5 /* WalkthroughPageViewController.swift */ = {isa = PBXFileReference; lastKnownFileType = sourcecode.swift; path = WalkthroughPageViewController.swift; sourceTree = "<group>"; };
		CD1DCA611FF4A2D200FCDDB5 /* WalkthroughViewController.swift */ = {isa = PBXFileReference; lastKnownFileType = sourcecode.swift; path = WalkthroughViewController.swift; sourceTree = "<group>"; };
		CD1DCA651FF4ACCD00FCDDB5 /* progress.gif */ = {isa = PBXFileReference; lastKnownFileType = image.gif; path = progress.gif; sourceTree = "<group>"; };
		CD1DCA671FF4ACD300FCDDB5 /* learnMore.gif */ = {isa = PBXFileReference; lastKnownFileType = image.gif; path = learnMore.gif; sourceTree = "<group>"; };
		CD1DCA691FF4ACD900FCDDB5 /* share.gif */ = {isa = PBXFileReference; lastKnownFileType = image.gif; path = share.gif; sourceTree = "<group>"; };
		CD3E1E13205C5AC200AC2D1A /* LearnViewController.swift */ = {isa = PBXFileReference; lastKnownFileType = sourcecode.swift; path = LearnViewController.swift; sourceTree = "<group>"; };
		CD3E1E15205C5CF500AC2D1A /* LearnCell.swift */ = {isa = PBXFileReference; lastKnownFileType = sourcecode.swift; path = LearnCell.swift; sourceTree = "<group>"; };
		CD6462B91FF33A88007AF08A /* Tutorial.storyboard */ = {isa = PBXFileReference; fileEncoding = 4; lastKnownFileType = file.storyboard; path = Tutorial.storyboard; sourceTree = "<group>"; };
		CD704F4D2019A1B700E1E4F8 /* BrowseViewController.swift */ = {isa = PBXFileReference; lastKnownFileType = sourcecode.swift; path = BrowseViewController.swift; sourceTree = "<group>"; };
		CD8FB2212120D41E0066F0D2 /* RecordViewController.swift */ = {isa = PBXFileReference; lastKnownFileType = sourcecode.swift; path = RecordViewController.swift; sourceTree = "<group>"; };
		CDA6528B1FA0F5B700835624 /* uReadLiteracy.app */ = {isa = PBXFileReference; explicitFileType = wrapper.application; includeInIndex = 0; path = uReadLiteracy.app; sourceTree = BUILT_PRODUCTS_DIR; };
		CDA6528E1FA0F5B700835624 /* AppDelegate.swift */ = {isa = PBXFileReference; lastKnownFileType = sourcecode.swift; path = AppDelegate.swift; sourceTree = "<group>"; };
		CDA652901FA0F5B700835624 /* ViewController.swift */ = {isa = PBXFileReference; lastKnownFileType = sourcecode.swift; path = ViewController.swift; sourceTree = "<group>"; };
		CDA652931FA0F5B700835624 /* Base */ = {isa = PBXFileReference; lastKnownFileType = file.storyboard; name = Base; path = Base.lproj/Main.storyboard; sourceTree = "<group>"; };
		CDA652961FA0F5B700835624 /* uReadLiteracy.xcdatamodel */ = {isa = PBXFileReference; lastKnownFileType = wrapper.xcdatamodel; path = uReadLiteracy.xcdatamodel; sourceTree = "<group>"; };
		CDA652981FA0F5B700835624 /* Assets.xcassets */ = {isa = PBXFileReference; lastKnownFileType = folder.assetcatalog; path = Assets.xcassets; sourceTree = "<group>"; };
		CDA6529B1FA0F5B700835624 /* Base */ = {isa = PBXFileReference; lastKnownFileType = file.storyboard; name = Base; path = Base.lproj/LaunchScreen.storyboard; sourceTree = "<group>"; };
		CDA6529D1FA0F5B700835624 /* Info.plist */ = {isa = PBXFileReference; lastKnownFileType = text.plist.xml; path = Info.plist; sourceTree = "<group>"; };
		CDDD7EFD1FF19937009FA71D /* Swift+Gif.swift */ = {isa = PBXFileReference; fileEncoding = 4; lastKnownFileType = sourcecode.swift; path = "Swift+Gif.swift"; sourceTree = "<group>"; };
		CDDD7F001FF19A67009FA71D /* ExploreViewController.swift */ = {isa = PBXFileReference; fileEncoding = 4; lastKnownFileType = sourcecode.swift; path = ExploreViewController.swift; sourceTree = "<group>"; };
		CDDD7F021FF19B55009FA71D /* bookTurn.gif */ = {isa = PBXFileReference; lastKnownFileType = image.gif; path = bookTurn.gif; sourceTree = "<group>"; };
		CDDD7F041FF1A64C009FA71D /* getHelp.gif */ = {isa = PBXFileReference; lastKnownFileType = image.gif; path = getHelp.gif; sourceTree = "<group>"; };
		CDDD7F061FF1A65F009FA71D /* GetHelpViewController.swift */ = {isa = PBXFileReference; fileEncoding = 4; lastKnownFileType = sourcecode.swift; path = GetHelpViewController.swift; sourceTree = "<group>"; };
		E3CAD3ABAC09B6C4293DFC2D /* Pods_uReadLiteracy.framework */ = {isa = PBXFileReference; explicitFileType = wrapper.framework; includeInIndex = 0; path = Pods_uReadLiteracy.framework; sourceTree = BUILT_PRODUCTS_DIR; };
		F628D77213D203437BD9BC13 /* Pods-uReadLiteracy.debug.xcconfig */ = {isa = PBXFileReference; includeInIndex = 1; lastKnownFileType = text.xcconfig; name = "Pods-uReadLiteracy.debug.xcconfig"; path = "Pods/Target Support Files/Pods-uReadLiteracy/Pods-uReadLiteracy.debug.xcconfig"; sourceTree = "<group>"; };
/* End PBXFileReference section */

/* Begin PBXFrameworksBuildPhase section */
		CDA652881FA0F5B700835624 /* Frameworks */ = {
			isa = PBXFrameworksBuildPhase;
			buildActionMask = 2147483647;
			files = (
				58A6EB0BD5CB67AF46E58C8B /* Pods_uReadLiteracy.framework in Frameworks */,
			);
			runOnlyForDeploymentPostprocessing = 0;
		};
/* End PBXFrameworksBuildPhase section */

/* Begin PBXGroup section */
		1C513A5921801B6100FFDC82 /* Model */ = {
			isa = PBXGroup;
			children = (
				1C513A9C21866DD900FFDC82 /* Audio */,
				1C513A5A21801B7E00FFDC82 /* ParentWebPage.swift */,
				1C513A5C2180209B00FFDC82 /* ChildWebPage.swift */,
				1C513A6A2181619200FFDC82 /* AllowedPage.swift */,
			);
			name = Model;
			sourceTree = "<group>";
		};
		1C513A8F218662A700FFDC82 /* Resource */ = {
			isa = PBXGroup;
			children = (
				1C513A942186639200FFDC82 /* pause.png */,
				1C513AA421869E3F00FFDC82 /* play.png */,
			);
			name = Resource;
			sourceTree = "<group>";
		};
		1C513A9C21866DD900FFDC82 /* Audio */ = {
			isa = PBXGroup;
			children = (
				1C513A9D21866DE700FFDC82 /* AudioSubject.swift */,
				1C513A9F21866E0400FFDC82 /* AudioObserver.swift */,
				1C513A9A21866C8D00FFDC82 /* AudioPlayer.swift */,
			);
			name = Audio;
			sourceTree = "<group>";
		};
		1C513AA3218675FA00FFDC82 /* View */ = {
			isa = PBXGroup;
			children = (
				1C513AA1218675D900FFDC82 /* AudioTimeLabel.swift */,
				1C513AAE218806F700FFDC82 /* AudioSlider.swift */,
			);
			name = View;
			sourceTree = "<group>";
		};
		1CDB3F28217ECDDB00BEC04C /* Controller */ = {
			isa = PBXGroup;
			children = (
				1CDB3F29217ECDF600BEC04C /* NewBrowserViewController.swift */,
				1C513A982186644100FFDC82 /* BrowserWithPlayerViewController.swift */,
			);
			name = Controller;
			sourceTree = "<group>";
		};
		4AE814D28480DC2CECE2D693 /* Pods */ = {
			isa = PBXGroup;
			children = (
				F628D77213D203437BD9BC13 /* Pods-uReadLiteracy.debug.xcconfig */,
				198A7836A988EE4B2985A501 /* Pods-uReadLiteracy.release.xcconfig */,
			);
			name = Pods;
			sourceTree = "<group>";
		};
		CD1DCA6B1FF4ACE300FCDDB5 /* Gifs */ = {
			isa = PBXGroup;
			children = (
				CDDD7F021FF19B55009FA71D /* bookTurn.gif */,
				CD1DCA671FF4ACD300FCDDB5 /* learnMore.gif */,
				CDDD7F041FF1A64C009FA71D /* getHelp.gif */,
				CD1DCA651FF4ACCD00FCDDB5 /* progress.gif */,
				CD1DCA691FF4ACD900FCDDB5 /* share.gif */,
			);
			name = Gifs;
			sourceTree = "<group>";
		};
		CD6462B81FF33A55007AF08A /* Storyboards */ = {
			isa = PBXGroup;
			children = (
				CDA652921FA0F5B700835624 /* Main.storyboard */,
				CD6462B91FF33A88007AF08A /* Tutorial.storyboard */,
			);
			name = Storyboards;
			sourceTree = "<group>";
		};
		CDA652821FA0F5B700835624 = {
			isa = PBXGroup;
			children = (
				CDA6528D1FA0F5B700835624 /* uReadLiteracy */,
				CDA6528C1FA0F5B700835624 /* Products */,
				4AE814D28480DC2CECE2D693 /* Pods */,
				EF7EF7D627ADB23342CBCA90 /* Frameworks */,
			);
			sourceTree = "<group>";
		};
		CDA6528C1FA0F5B700835624 /* Products */ = {
			isa = PBXGroup;
			children = (
				CDA6528B1FA0F5B700835624 /* uReadLiteracy.app */,
			);
			name = Products;
			sourceTree = "<group>";
		};
		CDA6528D1FA0F5B700835624 /* uReadLiteracy */ = {
			isa = PBXGroup;
			children = (
				1C513A8F218662A700FFDC82 /* Resource */,
				1C513A5921801B6100FFDC82 /* Model */,
				1C513AA3218675FA00FFDC82 /* View */,
				1CDB3F28217ECDDB00BEC04C /* Controller */,
				CD1DCA6B1FF4ACE300FCDDB5 /* Gifs */,
				CD6462B81FF33A55007AF08A /* Storyboards */,
				CDDD7EFF1FF19A3E009FA71D /* Tutorial Files */,
				CDA6528E1FA0F5B700835624 /* AppDelegate.swift */,
				CDA652901FA0F5B700835624 /* ViewController.swift */,
				CDA652981FA0F5B700835624 /* Assets.xcassets */,
				CDDD7EFD1FF19937009FA71D /* Swift+Gif.swift */,
				CDA6529A1FA0F5B700835624 /* LaunchScreen.storyboard */,
				CDA6529D1FA0F5B700835624 /* Info.plist */,
				CDA652951FA0F5B700835624 /* uReadLiteracy.xcdatamodeld */,
				CD1DCA5D1FF3564800FCDDB5 /* WalkthroughContentViewController.swift */,
				CD1DCA5F1FF3592D00FCDDB5 /* WalkthroughPageViewController.swift */,
				CD1DCA611FF4A2D200FCDDB5 /* WalkthroughViewController.swift */,
				CD704F4D2019A1B700E1E4F8 /* BrowseViewController.swift */,
				CD3E1E13205C5AC200AC2D1A /* LearnViewController.swift */,
				CD3E1E15205C5CF500AC2D1A /* LearnCell.swift */,
				CD03CC8F20F6E79A006D5D89 /* DynamicVideoViewController.swift */,
				CD8FB2212120D41E0066F0D2 /* RecordViewController.swift */,
			);
			path = uReadLiteracy;
			sourceTree = "<group>";
		};
		CDDD7EFF1FF19A3E009FA71D /* Tutorial Files */ = {
			isa = PBXGroup;
			children = (
				CDDD7F001FF19A67009FA71D /* ExploreViewController.swift */,
				CDDD7F061FF1A65F009FA71D /* GetHelpViewController.swift */,
			);
			name = "Tutorial Files";
			sourceTree = "<group>";
		};
		EF7EF7D627ADB23342CBCA90 /* Frameworks */ = {
			isa = PBXGroup;
			children = (
				E3CAD3ABAC09B6C4293DFC2D /* Pods_uReadLiteracy.framework */,
			);
			name = Frameworks;
			sourceTree = "<group>";
		};
/* End PBXGroup section */

/* Begin PBXNativeTarget section */
		CDA6528A1FA0F5B700835624 /* uReadLiteracy */ = {
			isa = PBXNativeTarget;
			buildConfigurationList = CDA652A01FA0F5B700835624 /* Build configuration list for PBXNativeTarget "uReadLiteracy" */;
			buildPhases = (
				A50F51A8874EAB19EC840418 /* [CP] Check Pods Manifest.lock */,
				CDA652871FA0F5B700835624 /* Sources */,
				CDA652881FA0F5B700835624 /* Frameworks */,
				CDA652891FA0F5B700835624 /* Resources */,
				83AD81AE0E5B6ABC7FA73B22 /* [CP] Embed Pods Frameworks */,
			);
			buildRules = (
			);
			dependencies = (
			);
			name = uReadLiteracy;
			productName = uReadLiteracy;
			productReference = CDA6528B1FA0F5B700835624 /* uReadLiteracy.app */;
			productType = "com.apple.product-type.application";
		};
/* End PBXNativeTarget section */

/* Begin PBXProject section */
		CDA652831FA0F5B700835624 /* Project object */ = {
			isa = PBXProject;
			attributes = {
				LastSwiftUpdateCheck = 0830;
				LastUpgradeCheck = 0830;
				ORGANIZATIONNAME = AdaptConsulting;
				TargetAttributes = {
					CDA6528A1FA0F5B700835624 = {
						CreatedOnToolsVersion = 8.3;
						DevelopmentTeam = EHF5WYNYGX;
						ProvisioningStyle = Automatic;
					};
				};
			};
			buildConfigurationList = CDA652861FA0F5B700835624 /* Build configuration list for PBXProject "uReadLiteracy" */;
			compatibilityVersion = "Xcode 3.2";
			developmentRegion = English;
			hasScannedForEncodings = 0;
			knownRegions = (
				en,
				Base,
			);
			mainGroup = CDA652821FA0F5B700835624;
			productRefGroup = CDA6528C1FA0F5B700835624 /* Products */;
			projectDirPath = "";
			projectRoot = "";
			targets = (
				CDA6528A1FA0F5B700835624 /* uReadLiteracy */,
			);
		};
/* End PBXProject section */

/* Begin PBXResourcesBuildPhase section */
		CDA652891FA0F5B700835624 /* Resources */ = {
			isa = PBXResourcesBuildPhase;
			buildActionMask = 2147483647;
			files = (
				CD1DCA661FF4ACCD00FCDDB5 /* progress.gif in Resources */,
				CD1DCA6A1FF4ACD900FCDDB5 /* share.gif in Resources */,
				1C513A962186639300FFDC82 /* pause.png in Resources */,
				CDDD7F031FF19B55009FA71D /* bookTurn.gif in Resources */,
				CDA6529C1FA0F5B700835624 /* LaunchScreen.storyboard in Resources */,
				CDDD7F051FF1A64C009FA71D /* getHelp.gif in Resources */,
				CDA652991FA0F5B700835624 /* Assets.xcassets in Resources */,
				1C513AA521869E4000FFDC82 /* play.png in Resources */,
				CD6462BA1FF33A88007AF08A /* Tutorial.storyboard in Resources */,
				CD1DCA681FF4ACD300FCDDB5 /* learnMore.gif in Resources */,
				CDA652941FA0F5B700835624 /* Main.storyboard in Resources */,
			);
			runOnlyForDeploymentPostprocessing = 0;
		};
/* End PBXResourcesBuildPhase section */

/* Begin PBXShellScriptBuildPhase section */
		83AD81AE0E5B6ABC7FA73B22 /* [CP] Embed Pods Frameworks */ = {
			isa = PBXShellScriptBuildPhase;
			buildActionMask = 2147483647;
			files = (
			);
			inputPaths = (
				"${SRCROOT}/Pods/Target Support Files/Pods-uReadLiteracy/Pods-uReadLiteracy-frameworks.sh",
				"${BUILT_PRODUCTS_DIR}/SwiftSoup/SwiftSoup.framework",
				"${BUILT_PRODUCTS_DIR}/youtube-ios-player-helper/youtube_ios_player_helper.framework",
			);
			name = "[CP] Embed Pods Frameworks";
			outputPaths = (
				"${TARGET_BUILD_DIR}/${FRAMEWORKS_FOLDER_PATH}/SwiftSoup.framework",
				"${TARGET_BUILD_DIR}/${FRAMEWORKS_FOLDER_PATH}/youtube_ios_player_helper.framework",
			);
			runOnlyForDeploymentPostprocessing = 0;
			shellPath = /bin/sh;
			shellScript = "\"${SRCROOT}/Pods/Target Support Files/Pods-uReadLiteracy/Pods-uReadLiteracy-frameworks.sh\"\n";
			showEnvVarsInLog = 0;
		};
		A50F51A8874EAB19EC840418 /* [CP] Check Pods Manifest.lock */ = {
			isa = PBXShellScriptBuildPhase;
			buildActionMask = 2147483647;
			files = (
			);
			inputPaths = (
				"${PODS_PODFILE_DIR_PATH}/Podfile.lock",
				"${PODS_ROOT}/Manifest.lock",
			);
			name = "[CP] Check Pods Manifest.lock";
			outputPaths = (
				"$(DERIVED_FILE_DIR)/Pods-uReadLiteracy-checkManifestLockResult.txt",
			);
			runOnlyForDeploymentPostprocessing = 0;
			shellPath = /bin/sh;
			shellScript = "diff \"${PODS_PODFILE_DIR_PATH}/Podfile.lock\" \"${PODS_ROOT}/Manifest.lock\" > /dev/null\nif [ $? != 0 ] ; then\n    # print error to STDERR\n    echo \"error: The sandbox is not in sync with the Podfile.lock. Run 'pod install' or update your CocoaPods installation.\" >&2\n    exit 1\nfi\n# This output is used by Xcode 'outputs' to avoid re-running this script phase.\necho \"SUCCESS\" > \"${SCRIPT_OUTPUT_FILE_0}\"\n";
			showEnvVarsInLog = 0;
		};
/* End PBXShellScriptBuildPhase section */

/* Begin PBXSourcesBuildPhase section */
		CDA652871FA0F5B700835624 /* Sources */ = {
			isa = PBXSourcesBuildPhase;
			buildActionMask = 2147483647;
			files = (
				CDDD7F071FF1A65F009FA71D /* GetHelpViewController.swift in Sources */,
				CDDD7EFE1FF19937009FA71D /* Swift+Gif.swift in Sources */,
				CD1DCA601FF3592D00FCDDB5 /* WalkthroughPageViewController.swift in Sources */,
				1C513A5B21801B7E00FFDC82 /* ParentWebPage.swift in Sources */,
				1C513A5D2180209B00FFDC82 /* ChildWebPage.swift in Sources */,
				CD8FB2222120D41E0066F0D2 /* RecordViewController.swift in Sources */,
				1C513A992186644100FFDC82 /* BrowserWithPlayerViewController.swift in Sources */,
				1C513A9B21866C8D00FFDC82 /* AudioPlayer.swift in Sources */,
				CD1DCA621FF4A2D200FCDDB5 /* WalkthroughViewController.swift in Sources */,
				1C513A6B2181619200FFDC82 /* AllowedPage.swift in Sources */,
				CD704F4E2019A1B700E1E4F8 /* BrowseViewController.swift in Sources */,
				CD1DCA5E1FF3564800FCDDB5 /* WalkthroughContentViewController.swift in Sources */,
				CD3E1E14205C5AC200AC2D1A /* LearnViewController.swift in Sources */,
				CDA652911FA0F5B700835624 /* ViewController.swift in Sources */,
				CD3E1E16205C5CF500AC2D1A /* LearnCell.swift in Sources */,
				1CDB3F2A217ECDF600BEC04C /* NewBrowserViewController.swift in Sources */,
				1C513A9E21866DE700FFDC82 /* AudioSubject.swift in Sources */,
				1C513AAF218806F700FFDC82 /* AudioSlider.swift in Sources */,
				CD03CC9020F6E79A006D5D89 /* DynamicVideoViewController.swift in Sources */,
				1C513AA2218675D900FFDC82 /* AudioTimeLabel.swift in Sources */,
				CDDD7F011FF19A67009FA71D /* ExploreViewController.swift in Sources */,
				1C513AA021866E0400FFDC82 /* AudioObserver.swift in Sources */,
				CDA6528F1FA0F5B700835624 /* AppDelegate.swift in Sources */,
				CDA652971FA0F5B700835624 /* uReadLiteracy.xcdatamodeld in Sources */,
			);
			runOnlyForDeploymentPostprocessing = 0;
		};
/* End PBXSourcesBuildPhase section */

/* Begin PBXVariantGroup section */
		CDA652921FA0F5B700835624 /* Main.storyboard */ = {
			isa = PBXVariantGroup;
			children = (
				CDA652931FA0F5B700835624 /* Base */,
			);
			name = Main.storyboard;
			sourceTree = "<group>";
		};
		CDA6529A1FA0F5B700835624 /* LaunchScreen.storyboard */ = {
			isa = PBXVariantGroup;
			children = (
				CDA6529B1FA0F5B700835624 /* Base */,
			);
			name = LaunchScreen.storyboard;
			sourceTree = "<group>";
		};
/* End PBXVariantGroup section */

/* Begin XCBuildConfiguration section */
		CDA6529E1FA0F5B700835624 /* Debug */ = {
			isa = XCBuildConfiguration;
			buildSettings = {
				ALWAYS_SEARCH_USER_PATHS = NO;
				CLANG_ANALYZER_NONNULL = YES;
				CLANG_ANALYZER_NUMBER_OBJECT_CONVERSION = YES_AGGRESSIVE;
				CLANG_CXX_LANGUAGE_STANDARD = "gnu++0x";
				CLANG_CXX_LIBRARY = "libc++";
				CLANG_ENABLE_MODULES = YES;
				CLANG_ENABLE_OBJC_ARC = YES;
				CLANG_WARN_BOOL_CONVERSION = YES;
				CLANG_WARN_CONSTANT_CONVERSION = YES;
				CLANG_WARN_DIRECT_OBJC_ISA_USAGE = YES_ERROR;
				CLANG_WARN_DOCUMENTATION_COMMENTS = YES;
				CLANG_WARN_EMPTY_BODY = YES;
				CLANG_WARN_ENUM_CONVERSION = YES;
				CLANG_WARN_INFINITE_RECURSION = YES;
				CLANG_WARN_INT_CONVERSION = YES;
				CLANG_WARN_OBJC_ROOT_CLASS = YES_ERROR;
				CLANG_WARN_SUSPICIOUS_MOVE = YES;
				CLANG_WARN_UNREACHABLE_CODE = YES;
				CLANG_WARN__DUPLICATE_METHOD_MATCH = YES;
				"CODE_SIGN_IDENTITY[sdk=iphoneos*]" = "iPhone Developer";
				COPY_PHASE_STRIP = NO;
				DEBUG_INFORMATION_FORMAT = dwarf;
				ENABLE_STRICT_OBJC_MSGSEND = YES;
				ENABLE_TESTABILITY = YES;
				GCC_C_LANGUAGE_STANDARD = gnu99;
				GCC_DYNAMIC_NO_PIC = NO;
				GCC_NO_COMMON_BLOCKS = YES;
				GCC_OPTIMIZATION_LEVEL = 0;
				GCC_PREPROCESSOR_DEFINITIONS = (
					"DEBUG=1",
					"$(inherited)",
				);
				GCC_WARN_64_TO_32_BIT_CONVERSION = YES;
				GCC_WARN_ABOUT_RETURN_TYPE = YES_ERROR;
				GCC_WARN_UNDECLARED_SELECTOR = YES;
				GCC_WARN_UNINITIALIZED_AUTOS = YES_AGGRESSIVE;
				GCC_WARN_UNUSED_FUNCTION = YES;
				GCC_WARN_UNUSED_VARIABLE = YES;
				IPHONEOS_DEPLOYMENT_TARGET = 11.2;
				MTL_ENABLE_DEBUG_INFO = YES;
				ONLY_ACTIVE_ARCH = YES;
				SDKROOT = iphoneos;
				SWIFT_ACTIVE_COMPILATION_CONDITIONS = DEBUG;
				SWIFT_OPTIMIZATION_LEVEL = "-Onone";
			};
			name = Debug;
		};
		CDA6529F1FA0F5B700835624 /* Release */ = {
			isa = XCBuildConfiguration;
			buildSettings = {
				ALWAYS_SEARCH_USER_PATHS = NO;
				CLANG_ANALYZER_NONNULL = YES;
				CLANG_ANALYZER_NUMBER_OBJECT_CONVERSION = YES_AGGRESSIVE;
				CLANG_CXX_LANGUAGE_STANDARD = "gnu++0x";
				CLANG_CXX_LIBRARY = "libc++";
				CLANG_ENABLE_MODULES = YES;
				CLANG_ENABLE_OBJC_ARC = YES;
				CLANG_WARN_BOOL_CONVERSION = YES;
				CLANG_WARN_CONSTANT_CONVERSION = YES;
				CLANG_WARN_DIRECT_OBJC_ISA_USAGE = YES_ERROR;
				CLANG_WARN_DOCUMENTATION_COMMENTS = YES;
				CLANG_WARN_EMPTY_BODY = YES;
				CLANG_WARN_ENUM_CONVERSION = YES;
				CLANG_WARN_INFINITE_RECURSION = YES;
				CLANG_WARN_INT_CONVERSION = YES;
				CLANG_WARN_OBJC_ROOT_CLASS = YES_ERROR;
				CLANG_WARN_SUSPICIOUS_MOVE = YES;
				CLANG_WARN_UNREACHABLE_CODE = YES;
				CLANG_WARN__DUPLICATE_METHOD_MATCH = YES;
				"CODE_SIGN_IDENTITY[sdk=iphoneos*]" = "iPhone Developer";
				COPY_PHASE_STRIP = NO;
				DEBUG_INFORMATION_FORMAT = "dwarf-with-dsym";
				ENABLE_NS_ASSERTIONS = NO;
				ENABLE_STRICT_OBJC_MSGSEND = YES;
				GCC_C_LANGUAGE_STANDARD = gnu99;
				GCC_NO_COMMON_BLOCKS = YES;
				GCC_WARN_64_TO_32_BIT_CONVERSION = YES;
				GCC_WARN_ABOUT_RETURN_TYPE = YES_ERROR;
				GCC_WARN_UNDECLARED_SELECTOR = YES;
				GCC_WARN_UNINITIALIZED_AUTOS = YES_AGGRESSIVE;
				GCC_WARN_UNUSED_FUNCTION = YES;
				GCC_WARN_UNUSED_VARIABLE = YES;
				IPHONEOS_DEPLOYMENT_TARGET = 11.2;
				MTL_ENABLE_DEBUG_INFO = NO;
				SDKROOT = iphoneos;
				SWIFT_OPTIMIZATION_LEVEL = "-Owholemodule";
				VALIDATE_PRODUCT = YES;
			};
			name = Release;
		};
		CDA652A11FA0F5B700835624 /* Debug */ = {
			isa = XCBuildConfiguration;
			baseConfigurationReference = F628D77213D203437BD9BC13 /* Pods-uReadLiteracy.debug.xcconfig */;
			buildSettings = {
				ASSETCATALOG_COMPILER_APPICON_NAME = AppIcon;
				DEVELOPMENT_TEAM = EHF5WYNYGX;
				INFOPLIST_FILE = uReadLiteracy/Info.plist;
				IPHONEOS_DEPLOYMENT_TARGET = 11.2;
				LD_RUNPATH_SEARCH_PATHS = "$(inherited) @executable_path/Frameworks";
				PRODUCT_BUNDLE_IDENTIFIER = RajPatel.uReadLiteracy;
				PRODUCT_NAME = "$(TARGET_NAME)";
				SWIFT_VERSION = 3.0;
			};
			name = Debug;
		};
		CDA652A21FA0F5B700835624 /* Release */ = {
			isa = XCBuildConfiguration;
			baseConfigurationReference = 198A7836A988EE4B2985A501 /* Pods-uReadLiteracy.release.xcconfig */;
			buildSettings = {
				ASSETCATALOG_COMPILER_APPICON_NAME = AppIcon;
				DEVELOPMENT_TEAM = EHF5WYNYGX;
				INFOPLIST_FILE = uReadLiteracy/Info.plist;
				IPHONEOS_DEPLOYMENT_TARGET = 11.2;
				LD_RUNPATH_SEARCH_PATHS = "$(inherited) @executable_path/Frameworks";
				PRODUCT_BUNDLE_IDENTIFIER = RajPatel.uReadLiteracy;
				PRODUCT_NAME = "$(TARGET_NAME)";
				SWIFT_VERSION = 3.0;
			};
			name = Release;
		};
/* End XCBuildConfiguration section */

/* Begin XCConfigurationList section */
		CDA652861FA0F5B700835624 /* Build configuration list for PBXProject "uReadLiteracy" */ = {
			isa = XCConfigurationList;
			buildConfigurations = (
				CDA6529E1FA0F5B700835624 /* Debug */,
				CDA6529F1FA0F5B700835624 /* Release */,
			);
			defaultConfigurationIsVisible = 0;
			defaultConfigurationName = Release;
		};
		CDA652A01FA0F5B700835624 /* Build configuration list for PBXNativeTarget "uReadLiteracy" */ = {
			isa = XCConfigurationList;
			buildConfigurations = (
				CDA652A11FA0F5B700835624 /* Debug */,
				CDA652A21FA0F5B700835624 /* Release */,
			);
			defaultConfigurationIsVisible = 0;
			defaultConfigurationName = Release;
		};
/* End XCConfigurationList section */

/* Begin XCVersionGroup section */
		CDA652951FA0F5B700835624 /* uReadLiteracy.xcdatamodeld */ = {
			isa = XCVersionGroup;
			children = (
				CDA652961FA0F5B700835624 /* uReadLiteracy.xcdatamodel */,
			);
			currentVersion = CDA652961FA0F5B700835624 /* uReadLiteracy.xcdatamodel */;
			path = uReadLiteracy.xcdatamodeld;
			sourceTree = "<group>";
			versionGroupType = wrapper.xcdatamodel;
		};
/* End XCVersionGroup section */
	};
	rootObject = CDA652831FA0F5B700835624 /* Project object */;
}
